
Microsoft Visual Studio Solution File, Format Version 12.00
# Visual Studio Version 16
VisualStudioVersion = 16.0.29102.190
MinimumVisualStudioVersion = 10.0.40219.1
Project("{FAE04EC0-301F-11D3-BF4B-00C04F79EFBC}") = "PrismSkin", "PrismSkin\PrismSkin.csproj", "{3BF572AA-D9A7-4657-9EA3-DC2AF9B89F58}"
EndProject
Project("{FAE04EC0-301F-11D3-BF4B-00C04F79EFBC}") = "PrismSkin.Themes", "PrismSkin.Themes\PrismSkin.Themes.csproj", "{1ABC39E0-E85B-4209-8EE8-B9659ECF6C56}"
EndProject
Global
	GlobalSection(SolutionConfigurationPlatforms) = preSolution
		Debug|Any CPU = Debug|Any CPU
		Release|Any CPU = Release|Any CPU
	EndGlobalSection
	GlobalSection(ProjectConfigurationPlatforms) = postSolution
		{3BF572AA-D9A7-4657-9EA3-DC2AF9B89F58}.Debug|Any CPU.ActiveCfg = Debug|Any CPU
		{3BF572AA-D9A7-4657-9EA3-DC2AF9B89F58}.Debug|Any CPU.Build.0 = Debug|Any CPU
		{3BF572AA-D9A7-4657-9EA3-DC2AF9B89F58}.Release|Any CPU.ActiveCfg = Release|Any CPU
		{3BF572AA-D9A7-4657-9EA3-DC2AF9B89F58}.Release|Any CPU.Build.0 = Release|Any CPU
		{1ABC39E0-E85B-4209-8EE8-B9659ECF6C56}.Debug|Any CPU.ActiveCfg = Debug|Any CPU
		{1ABC39E0-E85B-4209-8EE8-B9659ECF6C56}.Debug|Any CPU.Build.0 = Debug|Any CPU
		{1ABC39E0-E85B-4209-8EE8-B9659ECF6C56}.Release|Any CPU.ActiveCfg = Release|Any CPU
		{1ABC39E0-E85B-4209-8EE8-B9659ECF6C56}.Release|Any CPU.Build.0 = Release|Any CPU
	EndGlobalSection
	GlobalSection(SolutionProperties) = preSolution
		HideSolutionNode = FALSE
	EndGlobalSection
	GlobalSection(ExtensibilityGlobals) = postSolution
		SolutionGuid = {C026CBB0-F638-4DCA-BEBC-DF774FDF109E}
	EndGlobalSection
EndGlobal
